# This file is automatically @generated by Cargo.
# It is not intended for manual editing.
version = 4

[[package]]
name = "desktop-phase0-cli"
version = "0.1.0"
dependencies = [
 "zt-core",
 "zt-protocol",
 "zt-storage",
]

[[package]]
name = "zt-core"
version = "0.1.0"
dependencies = [
 "zt-protocol",
]

[[package]]
name = "zt-protocol"
version = "0.1.0"

[[package]]
name = "zt-storage"
version = "0.1.0"
dependencies = [
 "zt-protocol",
]
